<?xml version="1.0" encoding="UTF-8" standalone="yes" ?>
<CodeBlocks_project_file>
	<FileVersion major="1" minor="6" />
	<Project>
		<Option title="nm_mgr" />
		<Option makefile_is_custom="1" />
		<Option execution_dir="/home/stefan/dtnmp_commanding/mgr" />
		<Option pch_mode="2" />
		<Option compiler="gcc" />
		<Build>
			<Target title="without-db">
				<Option output="nm_mgr" prefix_auto="1" extension_auto="1" />
				<Option type="1" />
				<Option compiler="gcc" />
			</Target>
		</Build>
		<Compiler>
			<Add option="-Wall" />
		</Compiler>
		<Unit filename="mgr_db.c">
			<Option compilerVar="CC" />
		</Unit>
		<Unit filename="mgr_db.h" />
		<Unit filename="nm_mgr.c">
			<Option compilerVar="CC" />
		</Unit>
		<Unit filename="nm_mgr.h" />
		<Unit filename="nm_mgr_names.c">
			<Option compilerVar="CC" />
		</Unit>
		<Unit filename="nm_mgr_names.h" />
		<Unit filename="nm_mgr_print.c">
			<Option compilerVar="CC" />
		</Unit>
		<Unit filename="nm_mgr_print.h" />
		<Unit filename="nm_mgr_rx.c">
			<Option compilerVar="CC" />
		</Unit>
		<Unit filename="nm_mgr_ui.c">
			<Option compilerVar="CC" />
		</Unit>
		<Unit filename="nm_mgr_ui.h" />
		<Unit filename="ui_input.c">
			<Option compilerVar="CC" />
		</Unit>
		<Unit filename="ui_input.h" />
		<Extensions>
			<code_completion />
			<debugger />
			<envvars />
		</Extensions>
	</Project>
</CodeBlocks_project_file>
